<Solution>
  <Folder Name="/plugin/">
    <Project Path="plugin/RhMcp.csproj" />
  </Folder>
  <Folder Name="/router/">
    <Project Path="router/Router.csproj" />
    <Folder Name="/router/codegen/">
      <Project Path="router/codegen/Router.Codegen.csproj" />
    </Folder>
  </Folder>
  <Folder Name="/tests/">
    <Project Path="../tests/Router.Tests/Router.Tests.csproj" />
  </Folder>
</Solution>
